
Microsoft Visual Studio Solution File, Format Version 12.00
# Visual Studio Version 17
VisualStudioVersion = 17.0.31903.59
MinimumVisualStudioVersion = 10.0.40219.1
Project("{2150E333-8FDC-42A3-9474-1A3956D46DE8}") = "src", "src", "{899E2AF0-64BD-4A82-B4BD-34293DFD5C0D}"
EndProject
Project("{FAE04EC0-301F-11D3-BF4B-00C04F79EFBC}") = "Freebuff.Platform.Domain", "src\Freebuff.Platform.Domain\Freebuff.Platform.Domain.csproj", "{2CCE0F4D-4286-4DF4-B2D5-94F50C9BCCE2}"
EndProject
Project("{FAE04EC0-301F-11D3-BF4B-00C04F79EFBC}") = "Freebuff.Platform.Shared", "src\Freebuff.Platform.Shared\Freebuff.Platform.Shared.csproj", "{6DB88585-EA80-4F1F-A193-8C843C30E095}"
EndProject
Project("{FAE04EC0-301F-11D3-BF4B-00C04F79EFBC}") = "Freebuff.Platform.Application", "src\Freebuff.Platform.Application\Freebuff.Platform.Application.csproj", "{7B1181E8-0D8E-45F9-9C41-71392BD2C4FF}"
EndProject
Project("{FAE04EC0-301F-11D3-BF4B-00C04F79EFBC}") = "Freebuff.Platform.Infrastructure", "src\Freebuff.Platform.Infrastructure\Freebuff.Platform.Infrastructure.csproj", "{B66FA15A-97B4-4D52-B27C-DE8BEA4630E2}"
EndProject
Project("{FAE04EC0-301F-11D3-BF4B-00C04F79EFBC}") = "Freebuff.Platform.Api", "src\Freebuff.Platform.Api\Freebuff.Platform.Api.csproj", "{D261B816-C7AE-4E75-84DD-88FD7F3FC4BE}"
EndProject
Project("{FAE04EC0-301F-11D3-BF4B-00C04F79EFBC}") = "Freebuff.Platform.Api.Gateway", "src\Freebuff.Platform.Api.Gateway\Freebuff.Platform.Api.Gateway.csproj", "{149A08B0-B75F-4785-BEEF-C4565C5BEF95}"
EndProject
Project("{FAE04EC0-301F-11D3-BF4B-00C04F79EFBC}") = "Freebuff.Platform.Api.Identity", "src\Freebuff.Platform.Api.Identity\Freebuff.Platform.Api.Identity.csproj", "{37A375F5-EABC-410F-B451-33AF85889F1C}"
EndProject
Project("{FAE04EC0-301F-11D3-BF4B-00C04F79EFBC}") = "Freebuff.Platform.Api.Tenant", "src\Freebuff.Platform.Api.Tenant\Freebuff.Platform.Api.Tenant.csproj", "{680A2338-DDB0-4621-A8DF-040B6561DC47}"
EndProject
Project("{FAE04EC0-301F-11D3-BF4B-00C04F79EFBC}") = "Freebuff.Platform.Api.Fleet", "src\Freebuff.Platform.Api.Fleet\Freebuff.Platform.Api.Fleet.csproj", "{BA83E735-D777-4847-B00E-FE56291E82DD}"
EndProject
Project("{FAE04EC0-301F-11D3-BF4B-00C04F79EFBC}") = "Freebuff.Platform.Api.Monitoring", "src\Freebuff.Platform.Api.Monitoring\Freebuff.Platform.Api.Monitoring.csproj", "{03F02289-E425-4BB8-B5ED-A542975ED396}"
EndProject
Project("{2150E333-8FDC-42A3-9474-1A3956D46DE8}") = "tests", "tests", "{E170A63B-9389-4155-B9ED-209766BCC4BC}"
EndProject
Project("{FAE04EC0-301F-11D3-BF4B-00C04F79EFBC}") = "Freebuff.Platform.Tests", "tests\Freebuff.Platform.Tests\Freebuff.Platform.Tests.csproj", "{DB13B11A-4A4B-4B33-A01E-B601C4232020}"
EndProject
Project("{FAE04EC0-301F-11D3-BF4B-00C04F79EFBC}") = "Freebuff.Platform.E2eTests", "tests\Freebuff.Platform.E2eTests\Freebuff.Platform.E2eTests.csproj", "{7B1AF6E5-3CB6-4D5E-B13D-917E73501517}"
EndProject
Project("{FAE04EC0-301F-11D3-BF4B-00C04F79EFBC}") = "Freebuff.Platform.Ingestion", "src\Freebuff.Platform.Ingestion\Freebuff.Platform.Ingestion.csproj", "{22955F78-9320-4618-81A2-230DC0807094}"
EndProject
Global
	GlobalSection(SolutionConfigurationPlatforms) = preSolution
		Debug|Any CPU = Debug|Any CPU
		Release|Any CPU = Release|Any CPU
	EndGlobalSection
	GlobalSection(SolutionProperties) = preSolution
		HideSolutionNode = FALSE
	EndGlobalSection
	GlobalSection(ProjectConfigurationPlatforms) = postSolution
		{2CCE0F4D-4286-4DF4-B2D5-94F50C9BCCE2}.Debug|Any CPU.ActiveCfg = Debug|Any CPU
		{2CCE0F4D-4286-4DF4-B2D5-94F50C9BCCE2}.Debug|Any CPU.Build.0 = Debug|Any CPU
		{2CCE0F4D-4286-4DF4-B2D5-94F50C9BCCE2}.Release|Any CPU.ActiveCfg = Release|Any CPU
		{2CCE0F4D-4286-4DF4-B2D5-94F50C9BCCE2}.Release|Any CPU.Build.0 = Release|Any CPU
		{6DB88585-EA80-4F1F-A193-8C843C30E095}.Debug|Any CPU.ActiveCfg = Debug|Any CPU
		{6DB88585-EA80-4F1F-A193-8C843C30E095}.Debug|Any CPU.Build.0 = Debug|Any CPU
		{6DB88585-EA80-4F1F-A193-8C843C30E095}.Release|Any CPU.ActiveCfg = Release|Any CPU
		{6DB88585-EA80-4F1F-A193-8C843C30E095}.Release|Any CPU.Build.0 = Release|Any CPU
		{7B1181E8-0D8E-45F9-9C41-71392BD2C4FF}.Debug|Any CPU.ActiveCfg = Debug|Any CPU
		{7B1181E8-0D8E-45F9-9C41-71392BD2C4FF}.Debug|Any CPU.Build.0 = Debug|Any CPU
		{7B1181E8-0D8E-45F9-9C41-71392BD2C4FF}.Release|Any CPU.ActiveCfg = Release|Any CPU
		{7B1181E8-0D8E-45F9-9C41-71392BD2C4FF}.Release|Any CPU.Build.0 = Release|Any CPU
		{B66FA15A-97B4-4D52-B27C-DE8BEA4630E2}.Debug|Any CPU.ActiveCfg = Debug|Any CPU
		{B66FA15A-97B4-4D52-B27C-DE8BEA4630E2}.Debug|Any CPU.Build.0 = Debug|Any CPU
		{B66FA15A-97B4-4D52-B27C-DE8BEA4630E2}.Release|Any CPU.ActiveCfg = Release|Any CPU
		{B66FA15A-97B4-4D52-B27C-DE8BEA4630E2}.Release|Any CPU.Build.0 = Release|Any CPU
		{D261B816-C7AE-4E75-84DD-88FD7F3FC4BE}.Debug|Any CPU.ActiveCfg = Debug|Any CPU
		{D261B816-C7AE-4E75-84DD-88FD7F3FC4BE}.Debug|Any CPU.Build.0 = Debug|Any CPU
		{D261B816-C7AE-4E75-84DD-88FD7F3FC4BE}.Release|Any CPU.ActiveCfg = Release|Any CPU
		{D261B816-C7AE-4E75-84DD-88FD7F3FC4BE}.Release|Any CPU.Build.0 = Release|Any CPU
		{149A08B0-B75F-4785-BEEF-C4565C5BEF95}.Debug|Any CPU.ActiveCfg = Debug|Any CPU
		{149A08B0-B75F-4785-BEEF-C4565C5BEF95}.Debug|Any CPU.Build.0 = Debug|Any CPU
		{149A08B0-B75F-4785-BEEF-C4565C5BEF95}.Release|Any CPU.ActiveCfg = Release|Any CPU
		{149A08B0-B75F-4785-BEEF-C4565C5BEF95}.Release|Any CPU.Build.0 = Release|Any CPU
		{37A375F5-EABC-410F-B451-33AF85889F1C}.Debug|Any CPU.ActiveCfg = Debug|Any CPU
		{37A375F5-EABC-410F-B451-33AF85889F1C}.Debug|Any CPU.Build.0 = Debug|Any CPU
		{37A375F5-EABC-410F-B451-33AF85889F1C}.Release|Any CPU.ActiveCfg = Release|Any CPU
		{37A375F5-EABC-410F-B451-33AF85889F1C}.Release|Any CPU.Build.0 = Release|Any CPU
		{680A2338-DDB0-4621-A8DF-040B6561DC47}.Debug|Any CPU.ActiveCfg = Debug|Any CPU
		{680A2338-DDB0-4621-A8DF-040B6561DC47}.Debug|Any CPU.Build.0 = Debug|Any CPU
		{680A2338-DDB0-4621-A8DF-040B6561DC47}.Release|Any CPU.ActiveCfg = Release|Any CPU
		{680A2338-DDB0-4621-A8DF-040B6561DC47}.Release|Any CPU.Build.0 = Release|Any CPU
		{BA83E735-D777-4847-B00E-FE56291E82DD}.Debug|Any CPU.ActiveCfg = Debug|Any CPU
		{BA83E735-D777-4847-B00E-FE56291E82DD}.Debug|Any CPU.Build.0 = Debug|Any CPU
		{BA83E735-D777-4847-B00E-FE56291E82DD}.Release|Any CPU.ActiveCfg = Release|Any CPU
		{BA83E735-D777-4847-B00E-FE56291E82DD}.Release|Any CPU.Build.0 = Release|Any CPU
		{03F02289-E425-4BB8-B5ED-A542975ED396}.Debug|Any CPU.ActiveCfg = Debug|Any CPU
		{03F02289-E425-4BB8-B5ED-A542975ED396}.Debug|Any CPU.Build.0 = Debug|Any CPU
		{03F02289-E425-4BB8-B5ED-A542975ED396}.Release|Any CPU.ActiveCfg = Release|Any CPU
		{03F02289-E425-4BB8-B5ED-A542975ED396}.Release|Any CPU.Build.0 = Release|Any CPU
		{DB13B11A-4A4B-4B33-A01E-B601C4232020}.Debug|Any CPU.ActiveCfg = Debug|Any CPU
		{DB13B11A-4A4B-4B33-A01E-B601C4232020}.Debug|Any CPU.Build.0 = Debug|Any CPU
		{DB13B11A-4A4B-4B33-A01E-B601C4232020}.Release|Any CPU.ActiveCfg = Release|Any CPU
		{DB13B11A-4A4B-4B33-A01E-B601C4232020}.Release|Any CPU.Build.0 = Release|Any CPU
		{7B1AF6E5-3CB6-4D5E-B13D-917E73501517}.Debug|Any CPU.ActiveCfg = Debug|Any CPU
		{7B1AF6E5-3CB6-4D5E-B13D-917E73501517}.Debug|Any CPU.Build.0 = Debug|Any CPU
		{7B1AF6E5-3CB6-4D5E-B13D-917E73501517}.Release|Any CPU.ActiveCfg = Release|Any CPU
		{7B1AF6E5-3CB6-4D5E-B13D-917E73501517}.Release|Any CPU.Build.0 = Release|Any CPU
		{22955F78-9320-4618-81A2-230DC0807094}.Debug|Any CPU.ActiveCfg = Debug|Any CPU
		{22955F78-9320-4618-81A2-230DC0807094}.Debug|Any CPU.Build.0 = Debug|Any CPU
		{22955F78-9320-4618-81A2-230DC0807094}.Release|Any CPU.ActiveCfg = Release|Any CPU
		{22955F78-9320-4618-81A2-230DC0807094}.Release|Any CPU.Build.0 = Release|Any CPU
	EndGlobalSection
	GlobalSection(NestedProjects) = preSolution
		{2CCE0F4D-4286-4DF4-B2D5-94F50C9BCCE2} = {899E2AF0-64BD-4A82-B4BD-34293DFD5C0D}
		{6DB88585-EA80-4F1F-A193-8C843C30E095} = {899E2AF0-64BD-4A82-B4BD-34293DFD5C0D}
		{7B1181E8-0D8E-45F9-9C41-71392BD2C4FF} = {899E2AF0-64BD-4A82-B4BD-34293DFD5C0D}
		{B66FA15A-97B4-4D52-B27C-DE8BEA4630E2} = {899E2AF0-64BD-4A82-B4BD-34293DFD5C0D}
		{D261B816-C7AE-4E75-84DD-88FD7F3FC4BE} = {899E2AF0-64BD-4A82-B4BD-34293DFD5C0D}
		{149A08B0-B75F-4785-BEEF-C4565C5BEF95} = {899E2AF0-64BD-4A82-B4BD-34293DFD5C0D}
		{37A375F5-EABC-410F-B451-33AF85889F1C} = {899E2AF0-64BD-4A82-B4BD-34293DFD5C0D}
		{680A2338-DDB0-4621-A8DF-040B6561DC47} = {899E2AF0-64BD-4A82-B4BD-34293DFD5C0D}
		{BA83E735-D777-4847-B00E-FE56291E82DD} = {899E2AF0-64BD-4A82-B4BD-34293DFD5C0D}
		{03F02289-E425-4BB8-B5ED-A542975ED396} = {899E2AF0-64BD-4A82-B4BD-34293DFD5C0D}
		{DB13B11A-4A4B-4B33-A01E-B601C4232020} = {E170A63B-9389-4155-B9ED-209766BCC4BC}
		{7B1AF6E5-3CB6-4D5E-B13D-917E73501517} = {E170A63B-9389-4155-B9ED-209766BCC4BC}
		{22955F78-9320-4618-81A2-230DC0807094} = {899E2AF0-64BD-4A82-B4BD-34293DFD5C0D}
	EndGlobalSection
EndGlobal
